{
  "lockfile_version": "1",
  "packages": {
    "git@latest": {
      "last_modified": "2025-05-16T20:19:48Z",
      "resolved": "github:NixOS/nixpkgs/12a55407652e04dcf2309436eb06fef0d3713ef3#git",
      "source": "devbox-search",
      "version": "2.49.0",
      "systems": {
        "aarch64-darwin": {
          "outputs": [
            {
              "name": "out",
              "path": "/nix/store/9pa6rygnkrdp03j4ba0w6yb5qid5x3qb-git-2.49.0",
              "default": true
            },
            {
              "name": "doc",
              "path": "/nix/store/4a1f3ymqasdx2sfwn615n6x6z15qk5nd-git-2.49.0-doc"
            }
          ],
          "store_path": "/nix/store/9pa6rygnkrdp03j4ba0w6yb5qid5x3qb-git-2.49.0"
        },
        "aarch64-linux": {
          "outputs": [
            {
              "name": "out",
              "path": "/nix/store/bqk89pw1wmjzrqi20vqz194ylfhl5cnm-git-2.49.0",
              "default": true
            },
            {
              "name": "doc",
              "path": "/nix/store/ll9hlbwp3vvihpx2p2g7mykrl2a4snk4-git-2.49.0-doc"
            },
            {
              "name": "debug",
              "path": "/nix/store/ypv73aihzciz9x12imf5dvz4qkn4wakd-git-2.49.0-debug"
            }
          ],
          "store_path": "/nix/store/bqk89pw1wmjzrqi20vqz194ylfhl5cnm-git-2.49.0"
        },
        "x86_64-darwin": {
          "outputs": [
            {
              "name": "out",
              "path": "/nix/store/38kaic6dax0nkj4xwnyysmlwzdlrfdfr-git-2.49.0",
              "default": true
            },
            {
              "name": "doc",
              "path": "/nix/store/0544ir9xg154jsb00i0881ggpafyw4nc-git-2.49.0-doc"
            }
          ],
          "store_path": "/nix/store/38kaic6dax0nkj4xwnyysmlwzdlrfdfr-git-2.49.0"
        },
        "x86_64-linux": {
          "outputs": [
            {
              "name": "out",
              "path": "/nix/store/805a5wv1cyah5awij184yfad1ksmbh9f-git-2.49.0",
              "default": true
            },
            {
              "name": "doc",
              "path": "/nix/store/7dfxlvdhr5g57b1v8gxwpa2gs7i9g3y5-git-2.49.0-doc"
            },
            {
              "name": "debug",
              "path": "/nix/store/6nibw5w4xay921qx7lp74bs10qsqp0g9-git-2.49.0-debug"
            }
          ],
          "store_path": "/nix/store/805a5wv1cyah5awij184yfad1ksmbh9f-git-2.49.0"
        }
      }
    },
    "github:NixOS/nixpkgs/nixpkgs-unstable": {
      "last_modified": "2025-06-02T09:36:13Z",
      "resolved": "github:NixOS/nixpkgs/e4b09e47ace7d87de083786b404bf232eb6c89d8?lastModified=1748856973&narHash=sha256-RlTsJUvvr8ErjPBsiwrGbbHYW8XbB%2Foek0Gi78XdWKg%3D"
    },
    "kubernetes-helm@latest": {
      "last_modified": "2025-05-16T20:19:48Z",
      "resolved": "github:NixOS/nixpkgs/12a55407652e04dcf2309436eb06fef0d3713ef3#kubernetes-helm",
      "source": "devbox-search",
      "version": "3.17.3",
      "systems": {
        "aarch64-darwin": {
          "outputs": [
            {
              "name": "out",
              "path": "/nix/store/mg9rya9swd6lymmarlgjmx2m037ydngc-kubernetes-helm-3.17.3",
              "default": true
            }
          ],
          "store_path": "/nix/store/mg9rya9swd6lymmarlgjmx2m037ydngc-kubernetes-helm-3.17.3"
        },
        "aarch64-linux": {
          "outputs": [
            {
              "name": "out",
              "path": "/nix/store/kd9x5i47ydamzw514a6lc6r1i0ybiygn-kubernetes-helm-3.17.3",
              "default": true
            }
          ],
          "store_path": "/nix/store/kd9x5i47ydamzw514a6lc6r1i0ybiygn-kubernetes-helm-3.17.3"
        },
        "x86_64-darwin": {
          "outputs": [
            {
              "name": "out",
              "path": "/nix/store/kiy0fscxlhdyy1v7rj290g0vbwa62m3i-kubernetes-helm-3.17.3",
              "default": true
            }
          ],
          "store_path": "/nix/store/kiy0fscxlhdyy1v7rj290g0vbwa62m3i-kubernetes-helm-3.17.3"
        },
        "x86_64-linux": {
          "outputs": [
            {
              "name": "out",
              "path": "/nix/store/z8fh9w8y3hlckw7zqi29hgfz0x5gyi0s-kubernetes-helm-3.17.3",
              "default": true
            }
          ],
          "store_path": "/nix/store/z8fh9w8y3hlckw7zqi29hgfz0x5gyi0s-kubernetes-helm-3.17.3"
        }
      }
    },
    "pre-commit@latest": {
      "last_modified": "2025-05-28T04:23:31Z",
      "resolved": "github:NixOS/nixpkgs/3d1f29646e4b57ed468d60f9d286cde23a8d1707#pre-commit",
      "source": "devbox-search",
      "version": "4.0.1",
      "systems": {
        "aarch64-darwin": {
          "outputs": [
            {
              "name": "out",
              "path": "/nix/store/drkixdcr3rfizf0addf1wqk8ibdlfpcv-pre-commit-4.0.1",
              "default": true
            },
            {
              "name": "dist",
              "path": "/nix/store/vzndqfsv7n7hk8mqg4izha0v6ibpbj36-pre-commit-4.0.1-dist"
            }
          ],
          "store_path": "/nix/store/drkixdcr3rfizf0addf1wqk8ibdlfpcv-pre-commit-4.0.1"
        },
        "aarch64-linux": {
          "outputs": [
            {
              "name": "out",
              "path": "/nix/store/g4c3ikai8nf8y5lad76h8rrfh8pb7swh-pre-commit-4.0.1",
              "default": true
            },
            {
              "name": "dist",
              "path": "/nix/store/bm8mbzrv1xgmfkn0zvz2gpd3xmnwy0q1-pre-commit-4.0.1-dist"
            }
          ],
          "store_path": "/nix/store/g4c3ikai8nf8y5lad76h8rrfh8pb7swh-pre-commit-4.0.1"
        },
        "x86_64-darwin": {
          "outputs": [
            {
              "name": "out",
              "path": "/nix/store/dr3ilsics80kklfpnag4f1bqp8gk25gr-pre-commit-4.0.1",
              "default": true
            },
            {
              "name": "dist",
              "path": "/nix/store/1f8a71sf8v7bvx7igcfjxcp1x3b1q4qq-pre-commit-4.0.1-dist"
            }
          ],
          "store_path": "/nix/store/dr3ilsics80kklfpnag4f1bqp8gk25gr-pre-commit-4.0.1"
        },
        "x86_64-linux": {
          "outputs": [
            {
              "name": "out",
              "path": "/nix/store/1grwmkj3qf897wgxycyymip87i9cvk29-pre-commit-4.0.1",
              "default": true
            },
            {
              "name": "dist",
              "path": "/nix/store/r3sk0c7i1z1mpjlh02mnx36k42nsb4rc-pre-commit-4.0.1-dist"
            }
          ],
          "store_path": "/nix/store/1grwmkj3qf897wgxycyymip87i9cvk29-pre-commit-4.0.1"
        }
      }
    }
  }
}
